
Microsoft Visual Studio Solution File, Format Version 12.00
# Visual Studio Version 16
VisualStudioVersion = 16.0.30524.135
MinimumVisualStudioVersion = 10.0.40219.1
Project("{FAE04EC0-301F-11D3-BF4B-00C04F79EFBC}") = "InteproFinalProj", "InteproFinalProj\InteproFinalProj.csproj", "{228F9269-7726-4747-8853-EA791CA0E069}"
EndProject
Global
	GlobalSection(SolutionConfigurationPlatforms) = preSolution
		Debug|Any CPU = Debug|Any CPU
		Release|Any CPU = Release|Any CPU
	EndGlobalSection
	GlobalSection(ProjectConfigurationPlatforms) = postSolution
		{228F9269-7726-4747-8853-EA791CA0E069}.Debug|Any CPU.ActiveCfg = Debug|Any CPU
		{228F9269-7726-4747-8853-EA791CA0E069}.Debug|Any CPU.Build.0 = Debug|Any CPU
		{228F9269-7726-4747-8853-EA791CA0E069}.Release|Any CPU.ActiveCfg = Release|Any CPU
		{228F9269-7726-4747-8853-EA791CA0E069}.Release|Any CPU.Build.0 = Release|Any CPU
	EndGlobalSection
	GlobalSection(SolutionProperties) = preSolution
		HideSolutionNode = FALSE
	EndGlobalSection
	GlobalSection(ExtensibilityGlobals) = postSolution
		SolutionGuid = {D0852C46-650B-4A5F-A525-D99B1618BF47}
	EndGlobalSection
EndGlobal
